// !$*UTF8*$!
{
	archiveVersion = 1;
	classes = {
	};
	objectVersion = 110;
	objects = {

/* Begin PBXBuildFile section */
		11D4C12130705F800027735E /* AxoUI in Frameworks */ = {isa = PBXBuildFile; productRef = 11D4C12030705F800027735E /* AxoUI */; };
/* End PBXBuildFile section */

/* Begin PBXContainerItemProxy section */
		11D4C07330705F800027735E /* PBXContainerItemProxy */ = {
			isa = PBXContainerItemProxy;
			containerPortal = 11D4C05930705F7E0027735E /* Project object */;
			proxyType = 1;
			remoteGlobalIDString = 11D4C06030705F7E0027735E;
			remoteInfo = Axo;
		};
		11D4C07D30705F800027735E /* PBXContainerItemProxy */ = {
			isa = PBXContainerItemProxy;
			containerPortal = 11D4C05930705F7E0027735E /* Project object */;
			proxyType = 1;
			remoteGlobalIDString = 11D4C06030705F7E0027735E;
			remoteInfo = Axo;
		};
/* End PBXContainerItemProxy section */

/* Begin PBXFileReference section */
		11D4C06130705F7E0027735E /* Axo.app */ = {isa = PBXFileReference; explicitFileType = wrapper.application; includeInIndex = 0; path = Axo.app; sourceTree = BUILT_PRODUCTS_DIR; };
		11D4C07230705F800027735E /* AxoTests.xctest */ = {isa = PBXFileReference; explicitFileType = wrapper.cfbundle; includeInIndex = 0; path = AxoTests.xctest; sourceTree = BUILT_PRODUCTS_DIR; };
		11D4C07C30705F800027735E /* AxoUITests.xctest */ = {isa = PBXFileReference; explicitFileType = wrapper.cfbundle; includeInIndex = 0; path = AxoUITests.xctest; sourceTree = BUILT_PRODUCTS_DIR; };
/* End PBXFileReference section */

/* Begin PBXFileSystemSynchronizedRootGroup section */
		11D4C06330705F7E0027735E /* Axo */ = {
			isa = PBXFileSystemSynchronizedRootGroup;
			path = Axo;
			sourceTree = "<group>";
		};
		11D4C07530705F800027735E /* AxoTests */ = {
			isa = PBXFileSystemSynchronizedRootGroup;
			path = AxoTests;
			sourceTree = "<group>";
		};
		11D4C07F30705F800027735E /* AxoUITests */ = {
			isa = PBXFileSystemSynchronizedRootGroup;
			path = AxoUITests;
			sourceTree = "<group>";
		};
/* End PBXFileSystemSynchronizedRootGroup section */

/* Begin PBXFrameworksBuildPhase section */
		11D4C05E30705F7E0027735E /* Frameworks */ = {
			isa = PBXFrameworksBuildPhase;
			files = (
				11D4C12130705F800027735E /* AxoUI in Frameworks */,
			);
		};
		11D4C06F30705F800027735E /* Frameworks */ = {
			isa = PBXFrameworksBuildPhase;
			files = (
			);
		};
		11D4C07930705F800027735E /* Frameworks */ = {
			isa = PBXFrameworksBuildPhase;
			files = (
			);
		};
/* End PBXFrameworksBuildPhase section */

/* Begin PBXGroup section */
		11D4C05830705F7E0027735E = {
			isa = PBXGroup;
			children = (
				11D4C06330705F7E0027735E /* Axo */,
				11D4C07530705F800027735E /* AxoTests */,
				11D4C07F30705F800027735E /* AxoUITests */,
				11D4C06230705F7E0027735E /* Products */,
			);
			sourceTree = "<group>";
		};
		11D4C06230705F7E0027735E /* Products */ = {
			isa = PBXGroup;
			children = (
				11D4C06130705F7E0027735E /* Axo.app */,
				11D4C07230705F800027735E /* AxoTests.xctest */,
				11D4C07C30705F800027735E /* AxoUITests.xctest */,
			);
			name = Products;
			sourceTree = "<group>";
		};
/* End PBXGroup section */

/* Begin PBXNativeTarget section */
		11D4C06030705F7E0027735E /* Axo */ = {
			isa = PBXNativeTarget;
			buildConfigurationList = 11D4C08330705F800027735E /* Build configuration list for PBXNativeTarget "Axo" */;
			buildPhases = (
				11D4C05D30705F7E0027735E /* Sources */,
				11D4C05E30705F7E0027735E /* Frameworks */,
				11D4C05F30705F7E0027735E /* Resources */,
			);
			buildRules = (
			);
			fileSystemSynchronizedGroups = (
				11D4C06330705F7E0027735E /* Axo */,
			);
			name = Axo;
			packageProductDependencies = (
				11D4C12030705F800027735E /* AxoUI */,
			);
			productName = Axo;
			productReference = 11D4C06130705F7E0027735E /* Axo.app */;
			productType = "com.apple.product-type.application";
		};
		11D4C07130705F800027735E /* AxoTests */ = {
			isa = PBXNativeTarget;
			buildConfigurationList = 11D4C08830705F800027735E /* Build configuration list for PBXNativeTarget "AxoTests" */;
			buildPhases = (
				11D4C06E30705F800027735E /* Sources */,
				11D4C06F30705F800027735E /* Frameworks */,
				11D4C07030705F800027735E /* Resources */,
			);
			buildRules = (
			);
			dependencies = (
				11D4C07430705F800027735E /* PBXTargetDependency */,
			);
			fileSystemSynchronizedGroups = (
				11D4C07530705F800027735E /* AxoTests */,
			);
			name = AxoTests;
			productName = AxoTests;
			productReference = 11D4C07230705F800027735E /* AxoTests.xctest */;
			productType = "com.apple.product-type.bundle.unit-test";
		};
		11D4C07B30705F800027735E /* AxoUITests */ = {
			isa = PBXNativeTarget;
			buildConfigurationList = 11D4C08B30705F800027735E /* Build configuration list for PBXNativeTarget "AxoUITests" */;
			buildPhases = (
				11D4C07830705F800027735E /* Sources */,
				11D4C07930705F800027735E /* Frameworks */,
				11D4C07A30705F800027735E /* Resources */,
			);
			buildRules = (
			);
			dependencies = (
				11D4C07E30705F800027735E /* PBXTargetDependency */,
			);
			fileSystemSynchronizedGroups = (
				11D4C07F30705F800027735E /* AxoUITests */,
			);
			name = AxoUITests;
			productName = AxoUITests;
			productReference = 11D4C07C30705F800027735E /* AxoUITests.xctest */;
			productType = "com.apple.product-type.bundle.ui-testing";
		};
/* End PBXNativeTarget section */

/* Begin PBXProject section */
		11D4C05930705F7E0027735E /* Project object */ = {
			isa = PBXProject;
			attributes = {
				BuildIndependentTargetsInParallel = 1;
				LastSwiftUpdateCheck = 2700;
				LastUpgradeCheck = 2700;
				TargetAttributes = {
					11D4C06030705F7E0027735E = {
						CreatedOnToolsVersion = 27.0;
					};
					11D4C07130705F800027735E = {
						CreatedOnToolsVersion = 27.0;
						TestTargetID = 11D4C06030705F7E0027735E;
					};
					11D4C07B30705F800027735E = {
						CreatedOnToolsVersion = 27.0;
						TestTargetID = 11D4C06030705F7E0027735E;
					};
				};
			};
			buildConfigurationList = 11D4C05C30705F7E0027735E /* Build configuration list for PBXProject "Axo" */;
			developmentRegion = en;
			hasScannedForEncodings = 0;
			knownRegions = (
				en,
				Base,
			);
			mainGroup = 11D4C05830705F7E0027735E;
			minimizedProjectReferenceProxies = 1;
			packageReferences = (
				11D4C10030705F800027735E /* XCLocalSwiftPackageReference "Packages/AxoUI" */,
				11D4C10130705F800027735E /* XCLocalSwiftPackageReference "Packages/AxoCore" */,
				11D4C10230705F800027735E /* XCLocalSwiftPackageReference "Packages/AxoWeb" */,
				11D4C10330705F800027735E /* XCLocalSwiftPackageReference "Packages/AxoExtensions" */,
				11D4C10430705F800027735E /* XCLocalSwiftPackageReference "Packages/AxoInspector" */,
				11D4C10530705F800027735E /* XCLocalSwiftPackageReference "Packages/AxoPersistence" */,
				11D4C10630705F800027735E /* XCLocalSwiftPackageReference "Packages/AxoSync" */,
				11D4C10730705F800027735E /* XCLocalSwiftPackageReference "Packages/AxoIntegration" */,
			);
			preferredProjectObjectVersion = 77;
			productRefGroup = 11D4C06230705F7E0027735E /* Products */;
			projectDirPath = "";
			projectRoot = "";
			targets = (
				11D4C06030705F7E0027735E /* Axo */,
				11D4C07130705F800027735E /* AxoTests */,
				11D4C07B30705F800027735E /* AxoUITests */,
			);
		};
/* End PBXProject section */

/* Begin PBXResourcesBuildPhase section */
		11D4C05F30705F7E0027735E /* Resources */ = {
			isa = PBXResourcesBuildPhase;
			files = (
			);
		};
		11D4C07030705F800027735E /* Resources */ = {
			isa = PBXResourcesBuildPhase;
			files = (
			);
		};
		11D4C07A30705F800027735E /* Resources */ = {
			isa = PBXResourcesBuildPhase;
			files = (
			);
		};
/* End PBXResourcesBuildPhase section */

/* Begin PBXSourcesBuildPhase section */
		11D4C05D30705F7E0027735E /* Sources */ = {
			isa = PBXSourcesBuildPhase;
			files = (
			);
		};
		11D4C06E30705F800027735E /* Sources */ = {
			isa = PBXSourcesBuildPhase;
			files = (
			);
		};
		11D4C07830705F800027735E /* Sources */ = {
			isa = PBXSourcesBuildPhase;
			files = (
			);
		};
/* End PBXSourcesBuildPhase section */

/* Begin PBXTargetDependency section */
		11D4C07430705F800027735E /* PBXTargetDependency */ = {
			isa = PBXTargetDependency;
			target = 11D4C06030705F7E0027735E /* Axo */;
			targetProxy = 11D4C07330705F800027735E /* PBXContainerItemProxy */;
		};
		11D4C07E30705F800027735E /* PBXTargetDependency */ = {
			isa = PBXTargetDependency;
			target = 11D4C06030705F7E0027735E /* Axo */;
			targetProxy = 11D4C07D30705F800027735E /* PBXContainerItemProxy */;
		};
/* End PBXTargetDependency section */

/* Begin XCBuildConfiguration section */
		11D4C08430705F800027735E /* Debug configuration for PBXNativeTarget "Axo" */ = {
			isa = XCBuildConfiguration;
			buildSettings = {
				ASSETCATALOG_COMPILER_APPICON_NAME = AppIcon;
				ASSETCATALOG_COMPILER_GLOBAL_ACCENT_COLOR_NAME = AccentColor;
				CODE_SIGN_STYLE = Automatic;
				CURRENT_PROJECT_VERSION = 1;
				DEVELOPMENT_TEAM = YPGUL25V6H;
				ENABLE_APP_SANDBOX = NO;
				ENABLE_HARDENED_RUNTIME = YES;
				ENABLE_PREVIEWS = YES;
				GENERATE_INFOPLIST_FILE = YES;
				LD_RUNPATH_SEARCH_PATHS = "@executable_path/../Frameworks";
				MACOSX_DEPLOYMENT_TARGET = 27.0;
				MARKETING_VERSION = 1.0;
				PRODUCT_BUNDLE_IDENTIFIER = com.perezstudio.Axo;
				PRODUCT_NAME = "$(TARGET_NAME)";
				SDKROOT = macosx;
				STRING_CATALOG_GENERATE_SYMBOLS = YES;
				SUPPORTED_PLATFORMS = macosx;
				SWIFT_APPROACHABLE_CONCURRENCY = YES;
				SWIFT_DEFAULT_ACTOR_ISOLATION = MainActor;
				SWIFT_EMIT_LOC_STRINGS = YES;
				SWIFT_UPCOMING_FEATURE_MEMBER_IMPORT_VISIBILITY = YES;
				SWIFT_VERSION = 6.0;
			};
			name = Debug;
		};
		11D4C08530705F800027735E /* Release configuration for PBXNativeTarget "Axo" */ = {
			isa = XCBuildConfiguration;
			buildSettings = {
				ASSETCATALOG_COMPILER_APPICON_NAME = AppIcon;
				ASSETCATALOG_COMPILER_GLOBAL_ACCENT_COLOR_NAME = AccentColor;
				CODE_SIGN_STYLE = Automatic;
				CURRENT_PROJECT_VERSION = 1;
				DEVELOPMENT_TEAM = YPGUL25V6H;
				ENABLE_APP_SANDBOX = NO;
				ENABLE_HARDENED_RUNTIME = YES;
				ENABLE_PREVIEWS = YES;
				GENERATE_INFOPLIST_FILE = YES;
				LD_RUNPATH_SEARCH_PATHS = "@executable_path/../Frameworks";
				MACOSX_DEPLOYMENT_TARGET = 27.0;
				MARKETING_VERSION = 1.0;
				PRODUCT_BUNDLE_IDENTIFIER = com.perezstudio.Axo;
				PRODUCT_NAME = "$(TARGET_NAME)";
				SDKROOT = macosx;
				STRING_CATALOG_GENERATE_SYMBOLS = YES;
				SUPPORTED_PLATFORMS = macosx;
				SWIFT_APPROACHABLE_CONCURRENCY = YES;
				SWIFT_DEFAULT_ACTOR_ISOLATION = MainActor;
				SWIFT_EMIT_LOC_STRINGS = YES;
				SWIFT_UPCOMING_FEATURE_MEMBER_IMPORT_VISIBILITY = YES;
				SWIFT_VERSION = 6.0;
			};
			name = Release;
		};
		11D4C08630705F800027735E /* Debug configuration for PBXProject "Axo" */ = {
			isa = XCBuildConfiguration;
			buildSettings = {
				ALWAYS_SEARCH_USER_PATHS = NO;
				ASSETCATALOG_COMPILER_GENERATE_SWIFT_ASSET_SYMBOL_EXTENSIONS = YES;
				CLANG_ANALYZER_NONNULL = YES;
				CLANG_ANALYZER_NUMBER_OBJECT_CONVERSION = YES_AGGRESSIVE;
				CLANG_CXX_LANGUAGE_STANDARD = "gnu++20";
				CLANG_ENABLE_MODULES = YES;
				CLANG_ENABLE_OBJC_ARC = YES;
				CLANG_ENABLE_OBJC_WEAK = YES;
				CLANG_WARN_BLOCK_CAPTURE_AUTORELEASING = YES;
				CLANG_WARN_BOOL_CONVERSION = YES;
				CLANG_WARN_COMMA = YES;
				CLANG_WARN_CONSTANT_CONVERSION = YES;
				CLANG_WARN_DEPRECATED_OBJC_IMPLEMENTATIONS = YES;
				CLANG_WARN_DIRECT_OBJC_ISA_USAGE = YES_ERROR;
				CLANG_WARN_DOCUMENTATION_COMMENTS = YES;
				CLANG_WARN_EMPTY_BODY = YES;
				CLANG_WARN_ENUM_CONVERSION = YES;
				CLANG_WARN_INFINITE_RECURSION = YES;
				CLANG_WARN_INT_CONVERSION = YES;
				CLANG_WARN_NON_LITERAL_NULL_CONVERSION = YES;
				CLANG_WARN_OBJC_IMPLICIT_RETAIN_SELF = YES;
				CLANG_WARN_OBJC_LITERAL_CONVERSION = YES;
				CLANG_WARN_OBJC_ROOT_CLASS = YES_ERROR;
				CLANG_WARN_QUOTED_INCLUDE_IN_FRAMEWORK_HEADER = YES;
				CLANG_WARN_RANGE_LOOP_ANALYSIS = YES;
				CLANG_WARN_STRICT_PROTOTYPES = YES;
				CLANG_WARN_SUSPICIOUS_MOVE = YES;
				CLANG_WARN_UNGUARDED_AVAILABILITY = YES_AGGRESSIVE;
				CLANG_WARN_UNREACHABLE_CODE = YES;
				CLANG_WARN__DUPLICATE_METHOD_MATCH = YES;
				COPY_PHASE_STRIP = NO;
				DEBUG_INFORMATION_FORMAT = dwarf;
				DEVELOPMENT_TEAM = YPGUL25V6H;
				ENABLE_STRICT_OBJC_MSGSEND = YES;
				ENABLE_TESTABILITY = YES;
				ENABLE_USER_SCRIPT_SANDBOXING = YES;
				GCC_C_LANGUAGE_STANDARD = gnu17;
				GCC_DYNAMIC_NO_PIC = NO;
				GCC_NO_COMMON_BLOCKS = YES;
				GCC_OPTIMIZATION_LEVEL = 0;
				GCC_PREPROCESSOR_DEFINITIONS = (
					"DEBUG=1",
					"$(inherited)",
				);
				GCC_WARN_64_TO_32_BIT_CONVERSION = YES;
				GCC_WARN_ABOUT_RETURN_TYPE = YES_ERROR;
				GCC_WARN_UNDECLARED_SELECTOR = YES;
				GCC_WARN_UNINITIALIZED_AUTOS = YES_AGGRESSIVE;
				GCC_WARN_UNUSED_FUNCTION = YES;
				GCC_WARN_UNUSED_VARIABLE = YES;
				LOCALIZATION_PREFERS_STRING_CATALOGS = YES;
				MTL_ENABLE_DEBUG_INFO = INCLUDE_SOURCE;
				MTL_FAST_MATH = YES;
				ONLY_ACTIVE_ARCH = YES;
				SWIFT_ACTIVE_COMPILATION_CONDITIONS = "DEBUG $(inherited)";
				SWIFT_OPTIMIZATION_LEVEL = "-Onone";
			};
			name = Debug;
		};
		11D4C08730705F800027735E /* Release configuration for PBXProject "Axo" */ = {
			isa = XCBuildConfiguration;
			buildSettings = {
				ALWAYS_SEARCH_USER_PATHS = NO;
				ASSETCATALOG_COMPILER_GENERATE_SWIFT_ASSET_SYMBOL_EXTENSIONS = YES;
				CLANG_ANALYZER_NONNULL = YES;
				CLANG_ANALYZER_NUMBER_OBJECT_CONVERSION = YES_AGGRESSIVE;
				CLANG_CXX_LANGUAGE_STANDARD = "gnu++20";
				CLANG_ENABLE_MODULES = YES;
				CLANG_ENABLE_OBJC_ARC = YES;
				CLANG_ENABLE_OBJC_WEAK = YES;
				CLANG_WARN_BLOCK_CAPTURE_AUTORELEASING = YES;
				CLANG_WARN_BOOL_CONVERSION = YES;
				CLANG_WARN_COMMA = YES;
				CLANG_WARN_CONSTANT_CONVERSION = YES;
				CLANG_WARN_DEPRECATED_OBJC_IMPLEMENTATIONS = YES;
				CLANG_WARN_DIRECT_OBJC_ISA_USAGE = YES_ERROR;
				CLANG_WARN_DOCUMENTATION_COMMENTS = YES;
				CLANG_WARN_EMPTY_BODY = YES;
				CLANG_WARN_ENUM_CONVERSION = YES;
				CLANG_WARN_INFINITE_RECURSION = YES;
				CLANG_WARN_INT_CONVERSION = YES;
				CLANG_WARN_NON_LITERAL_NULL_CONVERSION = YES;
				CLANG_WARN_OBJC_IMPLICIT_RETAIN_SELF = YES;
				CLANG_WARN_OBJC_LITERAL_CONVERSION = YES;
				CLANG_WARN_OBJC_ROOT_CLASS = YES_ERROR;
				CLANG_WARN_QUOTED_INCLUDE_IN_FRAMEWORK_HEADER = YES;
				CLANG_WARN_RANGE_LOOP_ANALYSIS = YES;
				CLANG_WARN_STRICT_PROTOTYPES = YES;
				CLANG_WARN_SUSPICIOUS_MOVE = YES;
				CLANG_WARN_UNGUARDED_AVAILABILITY = YES_AGGRESSIVE;
				CLANG_WARN_UNREACHABLE_CODE = YES;
				CLANG_WARN__DUPLICATE_METHOD_MATCH = YES;
				COPY_PHASE_STRIP = NO;
				DEBUG_INFORMATION_FORMAT = "dwarf-with-dsym";
				DEVELOPMENT_TEAM = YPGUL25V6H;
				ENABLE_NS_ASSERTIONS = NO;
				ENABLE_STRICT_OBJC_MSGSEND = YES;
				ENABLE_USER_SCRIPT_SANDBOXING = YES;
				GCC_C_LANGUAGE_STANDARD = gnu17;
				GCC_NO_COMMON_BLOCKS = YES;
				GCC_WARN_64_TO_32_BIT_CONVERSION = YES;
				GCC_WARN_ABOUT_RETURN_TYPE = YES_ERROR;
				GCC_WARN_UNDECLARED_SELECTOR = YES;
				GCC_WARN_UNINITIALIZED_AUTOS = YES_AGGRESSIVE;
				GCC_WARN_UNUSED_FUNCTION = YES;
				GCC_WARN_UNUSED_VARIABLE = YES;
				LOCALIZATION_PREFERS_STRING_CATALOGS = YES;
				MTL_ENABLE_DEBUG_INFO = NO;
				MTL_FAST_MATH = YES;
				SWIFT_COMPILATION_MODE = wholemodule;
			};
			name = Release;
		};
		11D4C08930705F800027735E /* Debug configuration for PBXNativeTarget "AxoTests" */ = {
			isa = XCBuildConfiguration;
			buildSettings = {
				BUNDLE_LOADER = "$(TEST_HOST)";
				CODE_SIGN_STYLE = Automatic;
				CURRENT_PROJECT_VERSION = 1;
				DEVELOPMENT_TEAM = YPGUL25V6H;
				GENERATE_INFOPLIST_FILE = YES;
				MACOSX_DEPLOYMENT_TARGET = 27.0;
				MARKETING_VERSION = 1.0;
				PRODUCT_BUNDLE_IDENTIFIER = com.perezstudio.AxoTests;
				PRODUCT_NAME = "$(TARGET_NAME)";
				SDKROOT = macosx;
				STRING_CATALOG_GENERATE_SYMBOLS = NO;
				SUPPORTED_PLATFORMS = macosx;
				SWIFT_APPROACHABLE_CONCURRENCY = YES;
				SWIFT_EMIT_LOC_STRINGS = NO;
				SWIFT_UPCOMING_FEATURE_MEMBER_IMPORT_VISIBILITY = YES;
				SWIFT_VERSION = 6.0;
				TEST_HOST = "$(BUILT_PRODUCTS_DIR)/Axo.app/$(BUNDLE_EXECUTABLE_FOLDER_PATH)/Axo";
			};
			name = Debug;
		};
		11D4C08A30705F800027735E /* Release configuration for PBXNativeTarget "AxoTests" */ = {
			isa = XCBuildConfiguration;
			buildSettings = {
				BUNDLE_LOADER = "$(TEST_HOST)";
				CODE_SIGN_STYLE = Automatic;
				CURRENT_PROJECT_VERSION = 1;
				DEVELOPMENT_TEAM = YPGUL25V6H;
				GENERATE_INFOPLIST_FILE = YES;
				MACOSX_DEPLOYMENT_TARGET = 27.0;
				MARKETING_VERSION = 1.0;
				PRODUCT_BUNDLE_IDENTIFIER = com.perezstudio.AxoTests;
				PRODUCT_NAME = "$(TARGET_NAME)";
				SDKROOT = macosx;
				STRING_CATALOG_GENERATE_SYMBOLS = NO;
				SUPPORTED_PLATFORMS = macosx;
				SWIFT_APPROACHABLE_CONCURRENCY = YES;
				SWIFT_EMIT_LOC_STRINGS = NO;
				SWIFT_UPCOMING_FEATURE_MEMBER_IMPORT_VISIBILITY = YES;
				SWIFT_VERSION = 6.0;
				TEST_HOST = "$(BUILT_PRODUCTS_DIR)/Axo.app/$(BUNDLE_EXECUTABLE_FOLDER_PATH)/Axo";
			};
			name = Release;
		};
		11D4C08C30705F800027735E /* Debug configuration for PBXNativeTarget "AxoUITests" */ = {
			isa = XCBuildConfiguration;
			buildSettings = {
				CODE_SIGN_STYLE = Automatic;
				CURRENT_PROJECT_VERSION = 1;
				DEVELOPMENT_TEAM = YPGUL25V6H;
				GENERATE_INFOPLIST_FILE = YES;
				MACOSX_DEPLOYMENT_TARGET = 27.0;
				MARKETING_VERSION = 1.0;
				PRODUCT_BUNDLE_IDENTIFIER = com.perezstudio.AxoUITests;
				PRODUCT_NAME = "$(TARGET_NAME)";
				SDKROOT = macosx;
				STRING_CATALOG_GENERATE_SYMBOLS = NO;
				SUPPORTED_PLATFORMS = macosx;
				SWIFT_APPROACHABLE_CONCURRENCY = YES;
				SWIFT_EMIT_LOC_STRINGS = NO;
				SWIFT_UPCOMING_FEATURE_MEMBER_IMPORT_VISIBILITY = YES;
				SWIFT_VERSION = 6.0;
				TEST_TARGET_NAME = Axo;
			};
			name = Debug;
		};
		11D4C08D30705F800027735E /* Release configuration for PBXNativeTarget "AxoUITests" */ = {
			isa = XCBuildConfiguration;
			buildSettings = {
				CODE_SIGN_STYLE = Automatic;
				CURRENT_PROJECT_VERSION = 1;
				DEVELOPMENT_TEAM = YPGUL25V6H;
				GENERATE_INFOPLIST_FILE = YES;
				MACOSX_DEPLOYMENT_TARGET = 27.0;
				MARKETING_VERSION = 1.0;
				PRODUCT_BUNDLE_IDENTIFIER = com.perezstudio.AxoUITests;
				PRODUCT_NAME = "$(TARGET_NAME)";
				SDKROOT = macosx;
				STRING_CATALOG_GENERATE_SYMBOLS = NO;
				SUPPORTED_PLATFORMS = macosx;
				SWIFT_APPROACHABLE_CONCURRENCY = YES;
				SWIFT_EMIT_LOC_STRINGS = NO;
				SWIFT_UPCOMING_FEATURE_MEMBER_IMPORT_VISIBILITY = YES;
				SWIFT_VERSION = 6.0;
				TEST_TARGET_NAME = Axo;
			};
			name = Release;
		};
/* End XCBuildConfiguration section */

/* Begin XCConfigurationList section */
		11D4C05C30705F7E0027735E /* Build configuration list for PBXProject "Axo" */ = {
			isa = XCConfigurationList;
			buildConfigurations = (
				11D4C08630705F800027735E /* Debug configuration for PBXProject "Axo" */,
				11D4C08730705F800027735E /* Release configuration for PBXProject "Axo" */,
			);
			defaultConfigurationName = Release;
		};
		11D4C08330705F800027735E /* Build configuration list for PBXNativeTarget "Axo" */ = {
			isa = XCConfigurationList;
			buildConfigurations = (
				11D4C08430705F800027735E /* Debug configuration for PBXNativeTarget "Axo" */,
				11D4C08530705F800027735E /* Release configuration for PBXNativeTarget "Axo" */,
			);
			defaultConfigurationName = Release;
		};
		11D4C08830705F800027735E /* Build configuration list for PBXNativeTarget "AxoTests" */ = {
			isa = XCConfigurationList;
			buildConfigurations = (
				11D4C08930705F800027735E /* Debug configuration for PBXNativeTarget "AxoTests" */,
				11D4C08A30705F800027735E /* Release configuration for PBXNativeTarget "AxoTests" */,
			);
			defaultConfigurationName = Release;
		};
		11D4C08B30705F800027735E /* Build configuration list for PBXNativeTarget "AxoUITests" */ = {
			isa = XCConfigurationList;
			buildConfigurations = (
				11D4C08C30705F800027735E /* Debug configuration for PBXNativeTarget "AxoUITests" */,
				11D4C08D30705F800027735E /* Release configuration for PBXNativeTarget "AxoUITests" */,
			);
			defaultConfigurationName = Release;
		};
/* End XCConfigurationList section */

/* Begin XCLocalSwiftPackageReference section */
		11D4C10130705F800027735E /* XCLocalSwiftPackageReference "Packages/AxoCore" */ = {
			isa = XCLocalSwiftPackageReference;
			relativePath = Packages/AxoCore;
		};
		11D4C10330705F800027735E /* XCLocalSwiftPackageReference "Packages/AxoExtensions" */ = {
			isa = XCLocalSwiftPackageReference;
			relativePath = Packages/AxoExtensions;
		};
		11D4C10430705F800027735E /* XCLocalSwiftPackageReference "Packages/AxoInspector" */ = {
			isa = XCLocalSwiftPackageReference;
			relativePath = Packages/AxoInspector;
		};
		11D4C10730705F800027735E /* XCLocalSwiftPackageReference "Packages/AxoIntegration" */ = {
			isa = XCLocalSwiftPackageReference;
			relativePath = Packages/AxoIntegration;
		};
		11D4C10530705F800027735E /* XCLocalSwiftPackageReference "Packages/AxoPersistence" */ = {
			isa = XCLocalSwiftPackageReference;
			relativePath = Packages/AxoPersistence;
		};
		11D4C10630705F800027735E /* XCLocalSwiftPackageReference "Packages/AxoSync" */ = {
			isa = XCLocalSwiftPackageReference;
			relativePath = Packages/AxoSync;
		};
		11D4C10030705F800027735E /* XCLocalSwiftPackageReference "Packages/AxoUI" */ = {
			isa = XCLocalSwiftPackageReference;
			relativePath = Packages/AxoUI;
		};
		11D4C10230705F800027735E /* XCLocalSwiftPackageReference "Packages/AxoWeb" */ = {
			isa = XCLocalSwiftPackageReference;
			relativePath = Packages/AxoWeb;
		};
/* End XCLocalSwiftPackageReference section */

/* Begin XCSwiftPackageProductDependency section */
		11D4C12030705F800027735E /* AxoUI */ = {
			isa = XCSwiftPackageProductDependency;
			package = 11D4C10030705F800027735E /* XCLocalSwiftPackageReference "Packages/AxoUI" */;
			productName = AxoUI;
		};
/* End XCSwiftPackageProductDependency section */
	};
	rootObject = 11D4C05930705F7E0027735E /* Project object */;
	validationLevel = 1;
}
